
Microsoft Visual Studio Solution File, Format Version 12.00
Project("{FAE04EC0-301F-11D3-BF4B-00C04F79EFBC}") = "MessagePackFormatterGenerator", "MessagePackFormatterGenerator\MessagePackFormatterGenerator.csproj", "{07C9893F-39B9-49C9-A716-38E87D401241}"
EndProject
Project("{FAE04EC0-301F-11D3-BF4B-00C04F79EFBC}") = "UnitTest", "UnitTest\UnitTest.csproj", "{09AD53BD-1726-4C30-9C0F-90723C443D42}"
EndProject
Global
	GlobalSection(SolutionConfigurationPlatforms) = preSolution
		Debug|Any CPU = Debug|Any CPU
		Release|Any CPU = Release|Any CPU
		Release-Unity|Any CPU = Release-Unity|Any CPU
	EndGlobalSection
	GlobalSection(ProjectConfigurationPlatforms) = postSolution
		{07C9893F-39B9-49C9-A716-38E87D401241}.Debug|Any CPU.ActiveCfg = Debug|Any CPU
		{07C9893F-39B9-49C9-A716-38E87D401241}.Debug|Any CPU.Build.0 = Debug|Any CPU
		{07C9893F-39B9-49C9-A716-38E87D401241}.Release|Any CPU.ActiveCfg = Release|Any CPU
		{07C9893F-39B9-49C9-A716-38E87D401241}.Release|Any CPU.Build.0 = Release|Any CPU
		{07C9893F-39B9-49C9-A716-38E87D401241}.Release-Unity|Any CPU.ActiveCfg = Release-Unity|Any CPU
		{07C9893F-39B9-49C9-A716-38E87D401241}.Release-Unity|Any CPU.Build.0 = Release-Unity|Any CPU
		{09AD53BD-1726-4C30-9C0F-90723C443D42}.Debug|Any CPU.ActiveCfg = Debug|Any CPU
		{09AD53BD-1726-4C30-9C0F-90723C443D42}.Debug|Any CPU.Build.0 = Debug|Any CPU
		{09AD53BD-1726-4C30-9C0F-90723C443D42}.Release|Any CPU.ActiveCfg = Release|Any CPU
		{09AD53BD-1726-4C30-9C0F-90723C443D42}.Release|Any CPU.Build.0 = Release|Any CPU
		{09AD53BD-1726-4C30-9C0F-90723C443D42}.Release-Unity|Any CPU.ActiveCfg = Release|Any CPU
		{09AD53BD-1726-4C30-9C0F-90723C443D42}.Release-Unity|Any CPU.Build.0 = Release|Any CPU
	EndGlobalSection
EndGlobal
